
Microsoft Visual Studio Solution File, Format Version 12.00
# Visual Studio 2013
VisualStudioVersion = 12.0.21005.1
MinimumVisualStudioVersion = 10.0.40219.1
Project("{FAE04EC0-301F-11D3-BF4B-00C04F79EFBC}") = "CoreSDK", "CoreSDK\CoreSDK.csproj", "{CD9A6474-57AE-4675-ADD6-648CA77220AF}"
EndProject
Global
	GlobalSection(SolutionConfigurationPlatforms) = preSolution
		Debug|Any CPU = Debug|Any CPU
		Release|Any CPU = Release|Any CPU
	EndGlobalSection
	GlobalSection(ProjectConfigurationPlatforms) = postSolution
		{CD9A6474-57AE-4675-ADD6-648CA77220AF}.Debug|Any CPU.ActiveCfg = Debug|Any CPU
		{CD9A6474-57AE-4675-ADD6-648CA77220AF}.Debug|Any CPU.Build.0 = Debug|Any CPU
		{CD9A6474-57AE-4675-ADD6-648CA77220AF}.Release|Any CPU.ActiveCfg = Release|Any CPU
		{CD9A6474-57AE-4675-ADD6-648CA77220AF}.Release|Any CPU.Build.0 = Release|Any CPU
	EndGlobalSection
	GlobalSection(SolutionProperties) = preSolution
		HideSolutionNode = FALSE
	EndGlobalSection
EndGlobal
